
Microsoft Visual Studio Solution File, Format Version 12.00
# Visual Studio Version 16
VisualStudioVersion = 16.0.29509.3
MinimumVisualStudioVersion = 10.0.40219.1
Project("{2150E333-8FDC-42A3-9474-1A3956D46DE8}") = "Mobile", "Mobile", "{B7C6DF20-03A2-4B29-929B-B9217B061C79}"
EndProject
Project("{2150E333-8FDC-42A3-9474-1A3956D46DE8}") = "Api", "Api", "{CC9C1D5B-3BB3-4E4A-9950-C7BA9A8A4E63}"
EndProject
Project("{FAE04EC0-301F-11D3-BF4B-00C04F79EFBC}") = "EWallet.Api", "Api\EWallet.Api\EWallet.Api.csproj", "{C7C5AAE8-2404-4BA6-9B6C-4BD066C3BC81}"
EndProject
Project("{FAE04EC0-301F-11D3-BF4B-00C04F79EFBC}") = "EWallet.Domain", "Api\EWallet.Domain\EWallet.Domain.csproj", "{9F3887FE-FCA1-403B-B414-9E8F0EA9D987}"
EndProject
Project("{FAE04EC0-301F-11D3-BF4B-00C04F79EFBC}") = "EWallet.DataAccess", "Api\EWallet.DataAccess\EWallet.DataAccess.csproj", "{F7A359BB-DCEE-4197-AFBD-B408061AE880}"
EndProject
Project("{2150E333-8FDC-42A3-9474-1A3956D46DE8}") = "EWalletAdmin", "EWalletAdmin", "{BD7531C6-9B43-496F-8850-86B3697757DC}"
EndProject
Project("{2150E333-8FDC-42A3-9474-1A3956D46DE8}") = "EWalletUser", "EWalletUser", "{16D939C4-D455-4F83-AF2D-0F272EA739AB}"
EndProject
Project("{2150E333-8FDC-42A3-9474-1A3956D46DE8}") = "EWalletMarchant", "EWalletMarchant", "{D9B5E1DE-A520-4BD7-B241-A04621CB54E6}"
EndProject
Project("{FAE04EC0-301F-11D3-BF4B-00C04F79EFBC}") = "EWalletAdminApp.Android", "EWalletAdminApp\EWalletAdminApp.Android\EWalletAdminApp.Android.csproj", "{0C904DAD-8008-41FE-98B1-FA00AC558E95}"
EndProject
Project("{FAE04EC0-301F-11D3-BF4B-00C04F79EFBC}") = "EWalletAdminApp", "EWalletAdminApp\EWalletAdminApp\EWalletAdminApp.csproj", "{49861207-5BBF-4E9E-A895-48E4121F97A8}"
EndProject
Project("{FAE04EC0-301F-11D3-BF4B-00C04F79EFBC}") = "EWalletMarchantApp.Android", "EWalletMarchantApp\EWalletMarchantApp.Android\EWalletMarchantApp.Android.csproj", "{03B983BF-CE21-4C7A-8531-5A4447288D9D}"
EndProject
Project("{FAE04EC0-301F-11D3-BF4B-00C04F79EFBC}") = "EWalletMarchantApp", "EWalletMarchantApp\EWalletMarchantApp\EWalletMarchantApp.csproj", "{DA38AB86-F0EF-4202-9D63-F188A0C8033F}"
EndProject
Project("{FAE04EC0-301F-11D3-BF4B-00C04F79EFBC}") = "EWalletUserApp.Android", "EWalletUserApp\EWalletUserApp.Android\EWalletUserApp.Android.csproj", "{254273E1-3AD1-4DB3-B492-C5762E65A5D6}"
EndProject
Project("{FAE04EC0-301F-11D3-BF4B-00C04F79EFBC}") = "EWalletUserApp", "EWalletUserApp\EWalletUserApp\EWalletUserApp.csproj", "{9A4854E1-4E13-4E9A-BC27-1D81280EED51}"
EndProject
Global
	GlobalSection(SolutionConfigurationPlatforms) = preSolution
		Debug|Any CPU = Debug|Any CPU
		Release|Any CPU = Release|Any CPU
	EndGlobalSection
	GlobalSection(ProjectConfigurationPlatforms) = postSolution
		{C7C5AAE8-2404-4BA6-9B6C-4BD066C3BC81}.Debug|Any CPU.ActiveCfg = Debug|Any CPU
		{C7C5AAE8-2404-4BA6-9B6C-4BD066C3BC81}.Debug|Any CPU.Build.0 = Debug|Any CPU
		{C7C5AAE8-2404-4BA6-9B6C-4BD066C3BC81}.Release|Any CPU.ActiveCfg = Release|Any CPU
		{C7C5AAE8-2404-4BA6-9B6C-4BD066C3BC81}.Release|Any CPU.Build.0 = Release|Any CPU
		{9F3887FE-FCA1-403B-B414-9E8F0EA9D987}.Debug|Any CPU.ActiveCfg = Debug|Any CPU
		{9F3887FE-FCA1-403B-B414-9E8F0EA9D987}.Debug|Any CPU.Build.0 = Debug|Any CPU
		{9F3887FE-FCA1-403B-B414-9E8F0EA9D987}.Release|Any CPU.ActiveCfg = Release|Any CPU
		{9F3887FE-FCA1-403B-B414-9E8F0EA9D987}.Release|Any CPU.Build.0 = Release|Any CPU
		{F7A359BB-DCEE-4197-AFBD-B408061AE880}.Debug|Any CPU.ActiveCfg = Debug|Any CPU
		{F7A359BB-DCEE-4197-AFBD-B408061AE880}.Debug|Any CPU.Build.0 = Debug|Any CPU
		{F7A359BB-DCEE-4197-AFBD-B408061AE880}.Release|Any CPU.ActiveCfg = Release|Any CPU
		{F7A359BB-DCEE-4197-AFBD-B408061AE880}.Release|Any CPU.Build.0 = Release|Any CPU
		{0C904DAD-8008-41FE-98B1-FA00AC558E95}.Debug|Any CPU.ActiveCfg = Debug|Any CPU
		{0C904DAD-8008-41FE-98B1-FA00AC558E95}.Debug|Any CPU.Build.0 = Debug|Any CPU
		{0C904DAD-8008-41FE-98B1-FA00AC558E95}.Debug|Any CPU.Deploy.0 = Debug|Any CPU
		{0C904DAD-8008-41FE-98B1-FA00AC558E95}.Release|Any CPU.ActiveCfg = Release|Any CPU
		{0C904DAD-8008-41FE-98B1-FA00AC558E95}.Release|Any CPU.Build.0 = Release|Any CPU
		{0C904DAD-8008-41FE-98B1-FA00AC558E95}.Release|Any CPU.Deploy.0 = Release|Any CPU
		{49861207-5BBF-4E9E-A895-48E4121F97A8}.Debug|Any CPU.ActiveCfg = Debug|Any CPU
		{49861207-5BBF-4E9E-A895-48E4121F97A8}.Debug|Any CPU.Build.0 = Debug|Any CPU
		{49861207-5BBF-4E9E-A895-48E4121F97A8}.Release|Any CPU.ActiveCfg = Release|Any CPU
		{49861207-5BBF-4E9E-A895-48E4121F97A8}.Release|Any CPU.Build.0 = Release|Any CPU
		{03B983BF-CE21-4C7A-8531-5A4447288D9D}.Debug|Any CPU.ActiveCfg = Debug|Any CPU
		{03B983BF-CE21-4C7A-8531-5A4447288D9D}.Debug|Any CPU.Build.0 = Debug|Any CPU
		{03B983BF-CE21-4C7A-8531-5A4447288D9D}.Debug|Any CPU.Deploy.0 = Debug|Any CPU
		{03B983BF-CE21-4C7A-8531-5A4447288D9D}.Release|Any CPU.ActiveCfg = Release|Any CPU
		{03B983BF-CE21-4C7A-8531-5A4447288D9D}.Release|Any CPU.Build.0 = Release|Any CPU
		{03B983BF-CE21-4C7A-8531-5A4447288D9D}.Release|Any CPU.Deploy.0 = Release|Any CPU
		{DA38AB86-F0EF-4202-9D63-F188A0C8033F}.Debug|Any CPU.ActiveCfg = Debug|Any CPU
		{DA38AB86-F0EF-4202-9D63-F188A0C8033F}.Debug|Any CPU.Build.0 = Debug|Any CPU
		{DA38AB86-F0EF-4202-9D63-F188A0C8033F}.Release|Any CPU.ActiveCfg = Release|Any CPU
		{DA38AB86-F0EF-4202-9D63-F188A0C8033F}.Release|Any CPU.Build.0 = Release|Any CPU
		{254273E1-3AD1-4DB3-B492-C5762E65A5D6}.Debug|Any CPU.ActiveCfg = Debug|Any CPU
		{254273E1-3AD1-4DB3-B492-C5762E65A5D6}.Debug|Any CPU.Build.0 = Debug|Any CPU
		{254273E1-3AD1-4DB3-B492-C5762E65A5D6}.Debug|Any CPU.Deploy.0 = Debug|Any CPU
		{254273E1-3AD1-4DB3-B492-C5762E65A5D6}.Release|Any CPU.ActiveCfg = Release|Any CPU
		{254273E1-3AD1-4DB3-B492-C5762E65A5D6}.Release|Any CPU.Build.0 = Release|Any CPU
		{254273E1-3AD1-4DB3-B492-C5762E65A5D6}.Release|Any CPU.Deploy.0 = Release|Any CPU
		{9A4854E1-4E13-4E9A-BC27-1D81280EED51}.Debug|Any CPU.ActiveCfg = Debug|Any CPU
		{9A4854E1-4E13-4E9A-BC27-1D81280EED51}.Debug|Any CPU.Build.0 = Debug|Any CPU
		{9A4854E1-4E13-4E9A-BC27-1D81280EED51}.Release|Any CPU.ActiveCfg = Release|Any CPU
		{9A4854E1-4E13-4E9A-BC27-1D81280EED51}.Release|Any CPU.Build.0 = Release|Any CPU
	EndGlobalSection
	GlobalSection(SolutionProperties) = preSolution
		HideSolutionNode = FALSE
	EndGlobalSection
	GlobalSection(NestedProjects) = preSolution
		{C7C5AAE8-2404-4BA6-9B6C-4BD066C3BC81} = {CC9C1D5B-3BB3-4E4A-9950-C7BA9A8A4E63}
		{9F3887FE-FCA1-403B-B414-9E8F0EA9D987} = {CC9C1D5B-3BB3-4E4A-9950-C7BA9A8A4E63}
		{F7A359BB-DCEE-4197-AFBD-B408061AE880} = {CC9C1D5B-3BB3-4E4A-9950-C7BA9A8A4E63}
		{BD7531C6-9B43-496F-8850-86B3697757DC} = {B7C6DF20-03A2-4B29-929B-B9217B061C79}
		{16D939C4-D455-4F83-AF2D-0F272EA739AB} = {B7C6DF20-03A2-4B29-929B-B9217B061C79}
		{D9B5E1DE-A520-4BD7-B241-A04621CB54E6} = {B7C6DF20-03A2-4B29-929B-B9217B061C79}
		{0C904DAD-8008-41FE-98B1-FA00AC558E95} = {BD7531C6-9B43-496F-8850-86B3697757DC}
		{49861207-5BBF-4E9E-A895-48E4121F97A8} = {BD7531C6-9B43-496F-8850-86B3697757DC}
		{03B983BF-CE21-4C7A-8531-5A4447288D9D} = {D9B5E1DE-A520-4BD7-B241-A04621CB54E6}
		{DA38AB86-F0EF-4202-9D63-F188A0C8033F} = {D9B5E1DE-A520-4BD7-B241-A04621CB54E6}
		{254273E1-3AD1-4DB3-B492-C5762E65A5D6} = {16D939C4-D455-4F83-AF2D-0F272EA739AB}
		{9A4854E1-4E13-4E9A-BC27-1D81280EED51} = {16D939C4-D455-4F83-AF2D-0F272EA739AB}
	EndGlobalSection
	GlobalSection(ExtensibilityGlobals) = postSolution
		SolutionGuid = {FF292FDE-534F-4E9B-9A3D-A6CBB656669C}
	EndGlobalSection
EndGlobal
